
Microsoft Visual Studio Solution File, Format Version 12.00
Project("{FAE04EC0-301F-11D3-BF4B-00C04F79EFBC}") = "Nitefox.App", "Nitefox.App\Nitefox.App.csproj", "{87F7DA51-0867-4F04-ADA8-9396DAA235E1}"
EndProject
Project("{FAE04EC0-301F-11D3-BF4B-00C04F79EFBC}") = "Nitefox.Client.Shared", "Nitefox.Client.Shared\Nitefox.Client.Shared.csproj", "{EB890DC7-A03F-406B-9E2E-47E1337DA4C0}"
EndProject
Project("{FAE04EC0-301F-11D3-BF4B-00C04F79EFBC}") = "Nitefox.Client.Avalonia", "Nitefox.Client.Avalonia\Nitefox.Client.Avalonia.csproj", "{A60A5804-4DB8-47EC-9E53-3DB41C0E8B3D}"
EndProject
Project("{FAE04EC0-301F-11D3-BF4B-00C04F79EFBC}") = "Nitefox.Client.Photino", "Nitefox.Client.Photino\Nitefox.Client.Photino.csproj", "{4BE343A7-CBBD-436A-A01C-7249E9383CDC}"
EndProject
Global
	GlobalSection(SolutionConfigurationPlatforms) = preSolution
		Debug|Any CPU = Debug|Any CPU
		Release|Any CPU = Release|Any CPU
	EndGlobalSection
	GlobalSection(ProjectConfigurationPlatforms) = postSolution
		{87F7DA51-0867-4F04-ADA8-9396DAA235E1}.Debug|Any CPU.ActiveCfg = Debug|Any CPU
		{87F7DA51-0867-4F04-ADA8-9396DAA235E1}.Debug|Any CPU.Build.0 = Debug|Any CPU
		{87F7DA51-0867-4F04-ADA8-9396DAA235E1}.Release|Any CPU.ActiveCfg = Release|Any CPU
		{87F7DA51-0867-4F04-ADA8-9396DAA235E1}.Release|Any CPU.Build.0 = Release|Any CPU
		{EB890DC7-A03F-406B-9E2E-47E1337DA4C0}.Debug|Any CPU.ActiveCfg = Debug|Any CPU
		{EB890DC7-A03F-406B-9E2E-47E1337DA4C0}.Debug|Any CPU.Build.0 = Debug|Any CPU
		{EB890DC7-A03F-406B-9E2E-47E1337DA4C0}.Release|Any CPU.ActiveCfg = Release|Any CPU
		{EB890DC7-A03F-406B-9E2E-47E1337DA4C0}.Release|Any CPU.Build.0 = Release|Any CPU
		{A60A5804-4DB8-47EC-9E53-3DB41C0E8B3D}.Debug|Any CPU.ActiveCfg = Debug|Any CPU
		{A60A5804-4DB8-47EC-9E53-3DB41C0E8B3D}.Debug|Any CPU.Build.0 = Debug|Any CPU
		{A60A5804-4DB8-47EC-9E53-3DB41C0E8B3D}.Release|Any CPU.ActiveCfg = Release|Any CPU
		{A60A5804-4DB8-47EC-9E53-3DB41C0E8B3D}.Release|Any CPU.Build.0 = Release|Any CPU
		{4BE343A7-CBBD-436A-A01C-7249E9383CDC}.Debug|Any CPU.ActiveCfg = Debug|Any CPU
		{4BE343A7-CBBD-436A-A01C-7249E9383CDC}.Debug|Any CPU.Build.0 = Debug|Any CPU
		{4BE343A7-CBBD-436A-A01C-7249E9383CDC}.Release|Any CPU.ActiveCfg = Release|Any CPU
		{4BE343A7-CBBD-436A-A01C-7249E9383CDC}.Release|Any CPU.Build.0 = Release|Any CPU
	EndGlobalSection
	GlobalSection(NestedProjects) = preSolution
	EndGlobalSection
EndGlobal
